{
  "name": "@txchen/tersh",
  "version": "0.1.2",
  "lockfileVersion": 3,
  "requires": true,
  "packages": {
    "": {
      "name": "@txchen/tersh",
      "version": "0.1.2",
      "bin": {
        "tersh": "bin/tersh.js"
      },
      "devDependencies": {},
      "engines": {
        "node": ">=24"
      }
    }
  }
}
